
Microsoft Visual Studio Solution File, Format Version 12.00
# Visual Studio Version 17
VisualStudioVersion = 17.7.34024.191
MinimumVisualStudioVersion = 10.0.40219.1
Project("{FAE04EC0-301F-11D3-BF4B-00C04F79EFBC}") = "WebAppIdentity", "WebAppIdentity\WebAppIdentity.csproj", "{D31F9300-0745-4ABF-92DD-ECFE3C6D9C74}"
EndProject
Global
	GlobalSection(SolutionConfigurationPlatforms) = preSolution
		Debug|Any CPU = Debug|Any CPU
		Release|Any CPU = Release|Any CPU
	EndGlobalSection
	GlobalSection(ProjectConfigurationPlatforms) = postSolution
		{D31F9300-0745-4ABF-92DD-ECFE3C6D9C74}.Debug|Any CPU.ActiveCfg = Debug|Any CPU
		{D31F9300-0745-4ABF-92DD-ECFE3C6D9C74}.Debug|Any CPU.Build.0 = Debug|Any CPU
		{D31F9300-0745-4ABF-92DD-ECFE3C6D9C74}.Release|Any CPU.ActiveCfg = Release|Any CPU
		{D31F9300-0745-4ABF-92DD-ECFE3C6D9C74}.Release|Any CPU.Build.0 = Release|Any CPU
	EndGlobalSection
	GlobalSection(SolutionProperties) = preSolution
		HideSolutionNode = FALSE
	EndGlobalSection
	GlobalSection(ExtensibilityGlobals) = postSolution
		SolutionGuid = {5AE11790-9C84-44FF-82B9-5305C739926B}
	EndGlobalSection
EndGlobal
